
Microsoft Visual Studio Solution File, Format Version 12.00
# Visual Studio 2013
VisualStudioVersion = 12.0.21005.1
MinimumVisualStudioVersion = 10.0.40219.1
Project("{FAE04EC0-301F-11D3-BF4B-00C04F79EFBC}") = "AuditSystem", "AuditSystem\AuditSystem.csproj", "{775E31EC-B7C7-4718-A6A7-3D1E0BACB350}"
EndProject
Project("{FAE04EC0-301F-11D3-BF4B-00C04F79EFBC}") = "AuditSystemTest", "AuditSystemTest\AuditSystemTest.csproj", "{1173D370-964D-409B-86E1-B2B2C33DEEC1}"
EndProject
Global
	GlobalSection(SolutionConfigurationPlatforms) = preSolution
		Debug|Any CPU = Debug|Any CPU
		Release|Any CPU = Release|Any CPU
	EndGlobalSection
	GlobalSection(ProjectConfigurationPlatforms) = postSolution
		{775E31EC-B7C7-4718-A6A7-3D1E0BACB350}.Debug|Any CPU.ActiveCfg = Debug|Any CPU
		{775E31EC-B7C7-4718-A6A7-3D1E0BACB350}.Debug|Any CPU.Build.0 = Debug|Any CPU
		{775E31EC-B7C7-4718-A6A7-3D1E0BACB350}.Release|Any CPU.ActiveCfg = Release|Any CPU
		{775E31EC-B7C7-4718-A6A7-3D1E0BACB350}.Release|Any CPU.Build.0 = Release|Any CPU
		{1173D370-964D-409B-86E1-B2B2C33DEEC1}.Debug|Any CPU.ActiveCfg = Debug|Any CPU
		{1173D370-964D-409B-86E1-B2B2C33DEEC1}.Debug|Any CPU.Build.0 = Debug|Any CPU
		{1173D370-964D-409B-86E1-B2B2C33DEEC1}.Release|Any CPU.ActiveCfg = Release|Any CPU
		{1173D370-964D-409B-86E1-B2B2C33DEEC1}.Release|Any CPU.Build.0 = Release|Any CPU
	EndGlobalSection
	GlobalSection(SolutionProperties) = preSolution
		HideSolutionNode = FALSE
	EndGlobalSection
EndGlobal
